
Microsoft Visual Studio Solution File, Format Version 12.00
# Visual Studio Version 16
VisualStudioVersion = 16.0.32929.386
MinimumVisualStudioVersion = 10.0.40219.1
Project("{9A19103F-16F7-4668-BE54-9A1E7A4F7556}") = "Ex01", "Ex01\Ex01.csproj", "{BD736F02-615A-42C3-8043-608E9C46451E}"
EndProject
Project("{9A19103F-16F7-4668-BE54-9A1E7A4F7556}") = "Ex02", "Ex02\Ex02.csproj", "{562C2F07-4C1C-4A42-B110-F788137C113A}"
EndProject
Project("{9A19103F-16F7-4668-BE54-9A1E7A4F7556}") = "Ex10", "Ex10\Ex10.csproj", "{237DDBF6-A386-4A7D-8C79-620B7841617F}"
EndProject
Project("{9A19103F-16F7-4668-BE54-9A1E7A4F7556}") = "Ex08", "Ex08\Ex08.csproj", "{231B833E-8D6E-4B1E-9E24-852287D8B74F}"
EndProject
Project("{9A19103F-16F7-4668-BE54-9A1E7A4F7556}") = "Ex03", "Ex03\Ex03.csproj", "{82D74F78-7FCE-42EE-8D5B-C7A4923367BA}"
EndProject
Project("{9A19103F-16F7-4668-BE54-9A1E7A4F7556}") = "Ex04", "Ex04\Ex04.csproj", "{8F4C880B-EE9E-4358-8B74-73A699752585}"
EndProject
Project("{9A19103F-16F7-4668-BE54-9A1E7A4F7556}") = "Ex05", "Ex05\Ex05.csproj", "{20A2D0C3-8A4D-492F-BB5C-25F8D05B7645}"
EndProject
Project("{9A19103F-16F7-4668-BE54-9A1E7A4F7556}") = "Ex06", "Ex06\Ex06.csproj", "{BC5948EE-C856-4429-84C7-9DE15BD2F654}"
EndProject
Project("{9A19103F-16F7-4668-BE54-9A1E7A4F7556}") = "Ex06.b Fitxers", "Ex06.b Fitxers\Ex06.b Fitxers.csproj", "{C987CCAA-D028-49D9-BB8B-5A90828CF11B}"
EndProject
Project("{9A19103F-16F7-4668-BE54-9A1E7A4F7556}") = "Ex07", "Ex07\Ex07.csproj", "{3C642948-E8E0-436A-BE4A-51EC13A338C6}"
EndProject
Project("{9A19103F-16F7-4668-BE54-9A1E7A4F7556}") = "Ex09", "Ex09\Ex09.csproj", "{5F54F9CE-615D-4207-8E8E-B9D36BBDA94B}"
EndProject
Project("{9A19103F-16F7-4668-BE54-9A1E7A4F7556}") = "Ex12 (Extra 2)", "Ex12 (Extra 2)\Ex12 (Extra 2).csproj", "{9C7C6CE7-FE0F-4B02-9392-032B264FB58A}"
EndProject
Project("{9A19103F-16F7-4668-BE54-9A1E7A4F7556}") = "Proves", "Proves\Proves.csproj", "{E5117C1E-898E-4B02-8B53-43863EE18F9B}"
EndProject
Project("{9A19103F-16F7-4668-BE54-9A1E7A4F7556}") = "Ex11 (Extra 1)", "Ex11 (Extra 1)\Ex11 (Extra 1).csproj", "{67F05F3D-950B-4C80-B187-2A35F0C52091}"
EndProject
Project("{FAE04EC0-301F-11D3-BF4B-00C04F79EFBC}") = "Ex13 (Extra 3)", "Ex13 (Extra 3)\Ex13 (Extra 3).csproj", "{6E6F4C82-6124-4234-8285-6EE34C87964F}"
EndProject
Project("{FAE04EC0-301F-11D3-BF4B-00C04F79EFBC}") = "Exercici extra ordenar", "Exercici extra ordenar\Exercici extra ordenar.csproj", "{058EAA30-035D-49F2-A93D-7E5DF53D0EBB}"
EndProject
Project("{FAE04EC0-301F-11D3-BF4B-00C04F79EFBC}") = "Ex14 (Ex01 llista extra)", "Ex14 (Ex01 llista extra)\Ex14 (Ex01 llista extra).csproj", "{6F3D6D94-6449-4B41-83DC-C07C301B1F7A}"
EndProject
Project("{FAE04EC0-301F-11D3-BF4B-00C04F79EFBC}") = "Ex15 (exercici 2 llista extra)", "Ex15 (exercici 2 llista extra)\Ex15 (exercici 2 llista extra).csproj", "{CA6191E1-496E-4B7F-B6BC-4F60CD48DFFF}"
EndProject
Project("{FAE04EC0-301F-11D3-BF4B-00C04F79EFBC}") = "Ex16 (Exercici 3 llista extra)", "Ex16 (Exercici 3 llista extra)\Ex16 (Exercici 3 llista extra).csproj", "{B8FFB967-8143-47FB-928F-F9E8CA850410}"
EndProject
Global
	GlobalSection(SolutionConfigurationPlatforms) = preSolution
		Debug|Any CPU = Debug|Any CPU
		Release|Any CPU = Release|Any CPU
	EndGlobalSection
	GlobalSection(ProjectConfigurationPlatforms) = postSolution
		{BD736F02-615A-42C3-8043-608E9C46451E}.Debug|Any CPU.ActiveCfg = Debug|Any CPU
		{BD736F02-615A-42C3-8043-608E9C46451E}.Debug|Any CPU.Build.0 = Debug|Any CPU
		{BD736F02-615A-42C3-8043-608E9C46451E}.Release|Any CPU.ActiveCfg = Release|Any CPU
		{BD736F02-615A-42C3-8043-608E9C46451E}.Release|Any CPU.Build.0 = Release|Any CPU
		{562C2F07-4C1C-4A42-B110-F788137C113A}.Debug|Any CPU.ActiveCfg = Debug|Any CPU
		{562C2F07-4C1C-4A42-B110-F788137C113A}.Debug|Any CPU.Build.0 = Debug|Any CPU
		{562C2F07-4C1C-4A42-B110-F788137C113A}.Release|Any CPU.ActiveCfg = Release|Any CPU
		{562C2F07-4C1C-4A42-B110-F788137C113A}.Release|Any CPU.Build.0 = Release|Any CPU
		{237DDBF6-A386-4A7D-8C79-620B7841617F}.Debug|Any CPU.ActiveCfg = Debug|Any CPU
		{237DDBF6-A386-4A7D-8C79-620B7841617F}.Debug|Any CPU.Build.0 = Debug|Any CPU
		{237DDBF6-A386-4A7D-8C79-620B7841617F}.Release|Any CPU.ActiveCfg = Release|Any CPU
		{237DDBF6-A386-4A7D-8C79-620B7841617F}.Release|Any CPU.Build.0 = Release|Any CPU
		{231B833E-8D6E-4B1E-9E24-852287D8B74F}.Debug|Any CPU.ActiveCfg = Debug|Any CPU
		{231B833E-8D6E-4B1E-9E24-852287D8B74F}.Debug|Any CPU.Build.0 = Debug|Any CPU
		{231B833E-8D6E-4B1E-9E24-852287D8B74F}.Release|Any CPU.ActiveCfg = Release|Any CPU
		{231B833E-8D6E-4B1E-9E24-852287D8B74F}.Release|Any CPU.Build.0 = Release|Any CPU
		{82D74F78-7FCE-42EE-8D5B-C7A4923367BA}.Debug|Any CPU.ActiveCfg = Debug|Any CPU
		{82D74F78-7FCE-42EE-8D5B-C7A4923367BA}.Debug|Any CPU.Build.0 = Debug|Any CPU
		{82D74F78-7FCE-42EE-8D5B-C7A4923367BA}.Release|Any CPU.ActiveCfg = Release|Any CPU
		{82D74F78-7FCE-42EE-8D5B-C7A4923367BA}.Release|Any CPU.Build.0 = Release|Any CPU
		{8F4C880B-EE9E-4358-8B74-73A699752585}.Debug|Any CPU.ActiveCfg = Debug|Any CPU
		{8F4C880B-EE9E-4358-8B74-73A699752585}.Debug|Any CPU.Build.0 = Debug|Any CPU
		{8F4C880B-EE9E-4358-8B74-73A699752585}.Release|Any CPU.ActiveCfg = Release|Any CPU
		{8F4C880B-EE9E-4358-8B74-73A699752585}.Release|Any CPU.Build.0 = Release|Any CPU
		{20A2D0C3-8A4D-492F-BB5C-25F8D05B7645}.Debug|Any CPU.ActiveCfg = Debug|Any CPU
		{20A2D0C3-8A4D-492F-BB5C-25F8D05B7645}.Debug|Any CPU.Build.0 = Debug|Any CPU
		{20A2D0C3-8A4D-492F-BB5C-25F8D05B7645}.Release|Any CPU.ActiveCfg = Release|Any CPU
		{20A2D0C3-8A4D-492F-BB5C-25F8D05B7645}.Release|Any CPU.Build.0 = Release|Any CPU
		{BC5948EE-C856-4429-84C7-9DE15BD2F654}.Debug|Any CPU.ActiveCfg = Debug|Any CPU
		{BC5948EE-C856-4429-84C7-9DE15BD2F654}.Debug|Any CPU.Build.0 = Debug|Any CPU
		{BC5948EE-C856-4429-84C7-9DE15BD2F654}.Release|Any CPU.ActiveCfg = Release|Any CPU
		{BC5948EE-C856-4429-84C7-9DE15BD2F654}.Release|Any CPU.Build.0 = Release|Any CPU
		{C987CCAA-D028-49D9-BB8B-5A90828CF11B}.Debug|Any CPU.ActiveCfg = Debug|Any CPU
		{C987CCAA-D028-49D9-BB8B-5A90828CF11B}.Debug|Any CPU.Build.0 = Debug|Any CPU
		{C987CCAA-D028-49D9-BB8B-5A90828CF11B}.Release|Any CPU.ActiveCfg = Release|Any CPU
		{C987CCAA-D028-49D9-BB8B-5A90828CF11B}.Release|Any CPU.Build.0 = Release|Any CPU
		{3C642948-E8E0-436A-BE4A-51EC13A338C6}.Debug|Any CPU.ActiveCfg = Debug|Any CPU
		{3C642948-E8E0-436A-BE4A-51EC13A338C6}.Debug|Any CPU.Build.0 = Debug|Any CPU
		{3C642948-E8E0-436A-BE4A-51EC13A338C6}.Release|Any CPU.ActiveCfg = Release|Any CPU
		{3C642948-E8E0-436A-BE4A-51EC13A338C6}.Release|Any CPU.Build.0 = Release|Any CPU
		{5F54F9CE-615D-4207-8E8E-B9D36BBDA94B}.Debug|Any CPU.ActiveCfg = Debug|Any CPU
		{5F54F9CE-615D-4207-8E8E-B9D36BBDA94B}.Debug|Any CPU.Build.0 = Debug|Any CPU
		{5F54F9CE-615D-4207-8E8E-B9D36BBDA94B}.Release|Any CPU.ActiveCfg = Release|Any CPU
		{5F54F9CE-615D-4207-8E8E-B9D36BBDA94B}.Release|Any CPU.Build.0 = Release|Any CPU
		{9C7C6CE7-FE0F-4B02-9392-032B264FB58A}.Debug|Any CPU.ActiveCfg = Debug|Any CPU
		{9C7C6CE7-FE0F-4B02-9392-032B264FB58A}.Debug|Any CPU.Build.0 = Debug|Any CPU
		{9C7C6CE7-FE0F-4B02-9392-032B264FB58A}.Release|Any CPU.ActiveCfg = Release|Any CPU
		{9C7C6CE7-FE0F-4B02-9392-032B264FB58A}.Release|Any CPU.Build.0 = Release|Any CPU
		{E5117C1E-898E-4B02-8B53-43863EE18F9B}.Debug|Any CPU.ActiveCfg = Debug|Any CPU
		{E5117C1E-898E-4B02-8B53-43863EE18F9B}.Debug|Any CPU.Build.0 = Debug|Any CPU
		{E5117C1E-898E-4B02-8B53-43863EE18F9B}.Release|Any CPU.ActiveCfg = Release|Any CPU
		{E5117C1E-898E-4B02-8B53-43863EE18F9B}.Release|Any CPU.Build.0 = Release|Any CPU
		{67F05F3D-950B-4C80-B187-2A35F0C52091}.Debug|Any CPU.ActiveCfg = Debug|Any CPU
		{67F05F3D-950B-4C80-B187-2A35F0C52091}.Debug|Any CPU.Build.0 = Debug|Any CPU
		{67F05F3D-950B-4C80-B187-2A35F0C52091}.Release|Any CPU.ActiveCfg = Release|Any CPU
		{67F05F3D-950B-4C80-B187-2A35F0C52091}.Release|Any CPU.Build.0 = Release|Any CPU
		{6E6F4C82-6124-4234-8285-6EE34C87964F}.Debug|Any CPU.ActiveCfg = Debug|Any CPU
		{6E6F4C82-6124-4234-8285-6EE34C87964F}.Debug|Any CPU.Build.0 = Debug|Any CPU
		{6E6F4C82-6124-4234-8285-6EE34C87964F}.Release|Any CPU.ActiveCfg = Release|Any CPU
		{6E6F4C82-6124-4234-8285-6EE34C87964F}.Release|Any CPU.Build.0 = Release|Any CPU
		{058EAA30-035D-49F2-A93D-7E5DF53D0EBB}.Debug|Any CPU.ActiveCfg = Debug|Any CPU
		{058EAA30-035D-49F2-A93D-7E5DF53D0EBB}.Debug|Any CPU.Build.0 = Debug|Any CPU
		{058EAA30-035D-49F2-A93D-7E5DF53D0EBB}.Release|Any CPU.ActiveCfg = Release|Any CPU
		{058EAA30-035D-49F2-A93D-7E5DF53D0EBB}.Release|Any CPU.Build.0 = Release|Any CPU
		{6F3D6D94-6449-4B41-83DC-C07C301B1F7A}.Debug|Any CPU.ActiveCfg = Debug|Any CPU
		{6F3D6D94-6449-4B41-83DC-C07C301B1F7A}.Debug|Any CPU.Build.0 = Debug|Any CPU
		{6F3D6D94-6449-4B41-83DC-C07C301B1F7A}.Release|Any CPU.ActiveCfg = Release|Any CPU
		{6F3D6D94-6449-4B41-83DC-C07C301B1F7A}.Release|Any CPU.Build.0 = Release|Any CPU
		{CA6191E1-496E-4B7F-B6BC-4F60CD48DFFF}.Debug|Any CPU.ActiveCfg = Debug|Any CPU
		{CA6191E1-496E-4B7F-B6BC-4F60CD48DFFF}.Debug|Any CPU.Build.0 = Debug|Any CPU
		{CA6191E1-496E-4B7F-B6BC-4F60CD48DFFF}.Release|Any CPU.ActiveCfg = Release|Any CPU
		{CA6191E1-496E-4B7F-B6BC-4F60CD48DFFF}.Release|Any CPU.Build.0 = Release|Any CPU
		{B8FFB967-8143-47FB-928F-F9E8CA850410}.Debug|Any CPU.ActiveCfg = Debug|Any CPU
		{B8FFB967-8143-47FB-928F-F9E8CA850410}.Debug|Any CPU.Build.0 = Debug|Any CPU
		{B8FFB967-8143-47FB-928F-F9E8CA850410}.Release|Any CPU.ActiveCfg = Release|Any CPU
		{B8FFB967-8143-47FB-928F-F9E8CA850410}.Release|Any CPU.Build.0 = Release|Any CPU
	EndGlobalSection
	GlobalSection(SolutionProperties) = preSolution
		HideSolutionNode = FALSE
	EndGlobalSection
	GlobalSection(ExtensibilityGlobals) = postSolution
		SolutionGuid = {DA70B62C-6F84-4828-9D01-9889D29E3489}
	EndGlobalSection
EndGlobal
